
Microsoft Visual Studio Solution File, Format Version 12.00
# Visual Studio 15
VisualStudioVersion = 15.0.26124.0
MinimumVisualStudioVersion = 15.0.26124.0
Project("{2150E333-8FDC-42A3-9474-1A3956D46DE8}") = "src", "src", "{EF4967CC-582C-4431-840D-79B879F7196D}"
EndProject
Project("{FAE04EC0-301F-11D3-BF4B-00C04F79EFBC}") = "CommandApi", "src\CommandApi\CommandApi.csproj", "{3A4CFDEE-5C80-48CC-A55E-63BB245E7A53}"
EndProject
Project("{2150E333-8FDC-42A3-9474-1A3956D46DE8}") = "test", "test", "{73B98D16-9BE0-4233-A7E0-DA6814849DAE}"
EndProject
Project("{FAE04EC0-301F-11D3-BF4B-00C04F79EFBC}") = "CommandAPI.Tests", "test\CommandAPI.Tests\CommandAPI.Tests.csproj", "{B49AA04A-5129-4608-9B49-FAE7061655E7}"
EndProject
Global
	GlobalSection(SolutionConfigurationPlatforms) = preSolution
		Debug|Any CPU = Debug|Any CPU
		Debug|x64 = Debug|x64
		Debug|x86 = Debug|x86
		Release|Any CPU = Release|Any CPU
		Release|x64 = Release|x64
		Release|x86 = Release|x86
	EndGlobalSection
	GlobalSection(SolutionProperties) = preSolution
		HideSolutionNode = FALSE
	EndGlobalSection
	GlobalSection(ProjectConfigurationPlatforms) = postSolution
		{3A4CFDEE-5C80-48CC-A55E-63BB245E7A53}.Debug|Any CPU.ActiveCfg = Debug|Any CPU
		{3A4CFDEE-5C80-48CC-A55E-63BB245E7A53}.Debug|Any CPU.Build.0 = Debug|Any CPU
		{3A4CFDEE-5C80-48CC-A55E-63BB245E7A53}.Debug|x64.ActiveCfg = Debug|Any CPU
		{3A4CFDEE-5C80-48CC-A55E-63BB245E7A53}.Debug|x64.Build.0 = Debug|Any CPU
		{3A4CFDEE-5C80-48CC-A55E-63BB245E7A53}.Debug|x86.ActiveCfg = Debug|Any CPU
		{3A4CFDEE-5C80-48CC-A55E-63BB245E7A53}.Debug|x86.Build.0 = Debug|Any CPU
		{3A4CFDEE-5C80-48CC-A55E-63BB245E7A53}.Release|Any CPU.ActiveCfg = Release|Any CPU
		{3A4CFDEE-5C80-48CC-A55E-63BB245E7A53}.Release|Any CPU.Build.0 = Release|Any CPU
		{3A4CFDEE-5C80-48CC-A55E-63BB245E7A53}.Release|x64.ActiveCfg = Release|Any CPU
		{3A4CFDEE-5C80-48CC-A55E-63BB245E7A53}.Release|x64.Build.0 = Release|Any CPU
		{3A4CFDEE-5C80-48CC-A55E-63BB245E7A53}.Release|x86.ActiveCfg = Release|Any CPU
		{3A4CFDEE-5C80-48CC-A55E-63BB245E7A53}.Release|x86.Build.0 = Release|Any CPU
		{B49AA04A-5129-4608-9B49-FAE7061655E7}.Debug|Any CPU.ActiveCfg = Debug|Any CPU
		{B49AA04A-5129-4608-9B49-FAE7061655E7}.Debug|Any CPU.Build.0 = Debug|Any CPU
		{B49AA04A-5129-4608-9B49-FAE7061655E7}.Debug|x64.ActiveCfg = Debug|Any CPU
		{B49AA04A-5129-4608-9B49-FAE7061655E7}.Debug|x64.Build.0 = Debug|Any CPU
		{B49AA04A-5129-4608-9B49-FAE7061655E7}.Debug|x86.ActiveCfg = Debug|Any CPU
		{B49AA04A-5129-4608-9B49-FAE7061655E7}.Debug|x86.Build.0 = Debug|Any CPU
		{B49AA04A-5129-4608-9B49-FAE7061655E7}.Release|Any CPU.ActiveCfg = Release|Any CPU
		{B49AA04A-5129-4608-9B49-FAE7061655E7}.Release|Any CPU.Build.0 = Release|Any CPU
		{B49AA04A-5129-4608-9B49-FAE7061655E7}.Release|x64.ActiveCfg = Release|Any CPU
		{B49AA04A-5129-4608-9B49-FAE7061655E7}.Release|x64.Build.0 = Release|Any CPU
		{B49AA04A-5129-4608-9B49-FAE7061655E7}.Release|x86.ActiveCfg = Release|Any CPU
		{B49AA04A-5129-4608-9B49-FAE7061655E7}.Release|x86.Build.0 = Release|Any CPU
	EndGlobalSection
	GlobalSection(NestedProjects) = preSolution
		{3A4CFDEE-5C80-48CC-A55E-63BB245E7A53} = {EF4967CC-582C-4431-840D-79B879F7196D}
		{B49AA04A-5129-4608-9B49-FAE7061655E7} = {73B98D16-9BE0-4233-A7E0-DA6814849DAE}
	EndGlobalSection
EndGlobal
